// !$*UTF8*$!
{
	archiveVersion = 1;
	classes = {
	};
	objectVersion = 48;
	objects = {

/* Begin PBXBuildFile section */
		C21927131F76E7EA008F3FE5 /* AppDelegate.swift in Sources */ = {isa = PBXBuildFile; fileRef = C21927121F76E7EA008F3FE5 /* AppDelegate.swift */; };
		C21927151F76E7EA008F3FE5 /* MasterViewController.swift in Sources */ = {isa = PBXBuildFile; fileRef = C21927141F76E7EA008F3FE5 /* MasterViewController.swift */; };
		C21927171F76E7EA008F3FE5 /* DetailViewController.swift in Sources */ = {isa = PBXBuildFile; fileRef = C21927161F76E7EA008F3FE5 /* DetailViewController.swift */; };
		C219271A1F76E7EA008F3FE5 /* Main.storyboard in Resources */ = {isa = PBXBuildFile; fileRef = C21927181F76E7EA008F3FE5 /* Main.storyboard */; };
		C219271C1F76E7EA008F3FE5 /* Assets.xcassets in Resources */ = {isa = PBXBuildFile; fileRef = C219271B1F76E7EA008F3FE5 /* Assets.xcassets */; };
		C219271F1F76E7EA008F3FE5 /* LaunchScreen.storyboard in Resources */ = {isa = PBXBuildFile; fileRef = C219271D1F76E7EA008F3FE5 /* LaunchScreen.storyboard */; };
		C219272A1F76E7EA008F3FE5 /* MusicSearchTests.swift in Sources */ = {isa = PBXBuildFile; fileRef = C21927291F76E7EA008F3FE5 /* MusicSearchTests.swift */; };
/* End PBXBuildFile section */

/* Begin PBXContainerItemProxy section */
		C21927261F76E7EA008F3FE5 /* PBXContainerItemProxy */ = {
			isa = PBXContainerItemProxy;
			containerPortal = C21927071F76E7EA008F3FE5 /* Project object */;
			proxyType = 1;
			remoteGlobalIDString = C219270E1F76E7EA008F3FE5;
			remoteInfo = MusicSearch;
		};
/* End PBXContainerItemProxy section */

/* Begin PBXFileReference section */
		C219270F1F76E7EA008F3FE5 /* MusicSearch.app */ = {isa = PBXFileReference; explicitFileType = wrapper.application; includeInIndex = 0; path = MusicSearch.app; sourceTree = BUILT_PRODUCTS_DIR; };
		C21927121F76E7EA008F3FE5 /* AppDelegate.swift */ = {isa = PBXFileReference; lastKnownFileType = sourcecode.swift; path = AppDelegate.swift; sourceTree = "<group>"; };
		C21927141F76E7EA008F3FE5 /* MasterViewController.swift */ = {isa = PBXFileReference; lastKnownFileType = sourcecode.swift; path = MasterViewController.swift; sourceTree = "<group>"; };
		C21927161F76E7EA008F3FE5 /* DetailViewController.swift */ = {isa = PBXFileReference; lastKnownFileType = sourcecode.swift; path = DetailViewController.swift; sourceTree = "<group>"; };
		C21927191F76E7EA008F3FE5 /* Base */ = {isa = PBXFileReference; lastKnownFileType = file.storyboard; name = Base; path = Base.lproj/Main.storyboard; sourceTree = "<group>"; };
		C219271B1F76E7EA008F3FE5 /* Assets.xcassets */ = {isa = PBXFileReference; lastKnownFileType = folder.assetcatalog; path = Assets.xcassets; sourceTree = "<group>"; };
		C219271E1F76E7EA008F3FE5 /* Base */ = {isa = PBXFileReference; lastKnownFileType = file.storyboard; name = Base; path = Base.lproj/LaunchScreen.storyboard; sourceTree = "<group>"; };
		C21927201F76E7EA008F3FE5 /* Info.plist */ = {isa = PBXFileReference; lastKnownFileType = text.plist.xml; path = Info.plist; sourceTree = "<group>"; };
		C21927251F76E7EA008F3FE5 /* MusicSearchTests.xctest */ = {isa = PBXFileReference; explicitFileType = wrapper.cfbundle; includeInIndex = 0; path = MusicSearchTests.xctest; sourceTree = BUILT_PRODUCTS_DIR; };
		C21927291F76E7EA008F3FE5 /* MusicSearchTests.swift */ = {isa = PBXFileReference; lastKnownFileType = sourcecode.swift; path = MusicSearchTests.swift; sourceTree = "<group>"; };
		C219272B1F76E7EA008F3FE5 /* Info.plist */ = {isa = PBXFileReference; lastKnownFileType = text.plist.xml; path = Info.plist; sourceTree = "<group>"; };
/* End PBXFileReference section */

/* Begin PBXFrameworksBuildPhase section */
		C219270C1F76E7EA008F3FE5 /* Frameworks */ = {
			isa = PBXFrameworksBuildPhase;
			buildActionMask = 2147483647;
			files = (
			);
			runOnlyForDeploymentPostprocessing = 0;
		};
		C21927221F76E7EA008F3FE5 /* Frameworks */ = {
			isa = PBXFrameworksBuildPhase;
			buildActionMask = 2147483647;
			files = (
			);
			runOnlyForDeploymentPostprocessing = 0;
		};
/* End PBXFrameworksBuildPhase section */

/* Begin PBXGroup section */
		C21927061F76E7EA008F3FE5 = {
			isa = PBXGroup;
			children = (
				C21927111F76E7EA008F3FE5 /* MusicSearch */,
				C21927281F76E7EA008F3FE5 /* MusicSearchTests */,
				C21927101F76E7EA008F3FE5 /* Products */,
			);
			sourceTree = "<group>";
		};
		C21927101F76E7EA008F3FE5 /* Products */ = {
			isa = PBXGroup;
			children = (
				C219270F1F76E7EA008F3FE5 /* MusicSearch.app */,
				C21927251F76E7EA008F3FE5 /* MusicSearchTests.xctest */,
			);
			name = Products;
			sourceTree = "<group>";
		};
		C21927111F76E7EA008F3FE5 /* MusicSearch */ = {
			isa = PBXGroup;
			children = (
				C21927121F76E7EA008F3FE5 /* AppDelegate.swift */,
				C21927141F76E7EA008F3FE5 /* MasterViewController.swift */,
				C21927161F76E7EA008F3FE5 /* DetailViewController.swift */,
				C21927181F76E7EA008F3FE5 /* Main.storyboard */,
				C219271B1F76E7EA008F3FE5 /* Assets.xcassets */,
				C219271D1F76E7EA008F3FE5 /* LaunchScreen.storyboard */,
				C21927201F76E7EA008F3FE5 /* Info.plist */,
			);
			path = MusicSearch;
			sourceTree = "<group>";
		};
		C21927281F76E7EA008F3FE5 /* MusicSearchTests */ = {
			isa = PBXGroup;
			children = (
				C21927291F76E7EA008F3FE5 /* MusicSearchTests.swift */,
				C219272B1F76E7EA008F3FE5 /* Info.plist */,
			);
			path = MusicSearchTests;
			sourceTree = "<group>";
		};
/* End PBXGroup section */

/* Begin PBXNativeTarget section */
		C219270E1F76E7EA008F3FE5 /* MusicSearch */ = {
			isa = PBXNativeTarget;
			buildConfigurationList = C219272E1F76E7EA008F3FE5 /* Build configuration list for PBXNativeTarget "MusicSearch" */;
			buildPhases = (
				C219270B1F76E7EA008F3FE5 /* Sources */,
				C219270C1F76E7EA008F3FE5 /* Frameworks */,
				C219270D1F76E7EA008F3FE5 /* Resources */,
			);
			buildRules = (
			);
			dependencies = (
			);
			name = MusicSearch;
			productName = MusicSearch;
			productReference = C219270F1F76E7EA008F3FE5 /* MusicSearch.app */;
			productType = "com.apple.product-type.application";
		};
		C21927241F76E7EA008F3FE5 /* MusicSearchTests */ = {
			isa = PBXNativeTarget;
			buildConfigurationList = C21927311F76E7EA008F3FE5 /* Build configuration list for PBXNativeTarget "MusicSearchTests" */;
			buildPhases = (
				C21927211F76E7EA008F3FE5 /* Sources */,
				C21927221F76E7EA008F3FE5 /* Frameworks */,
				C21927231F76E7EA008F3FE5 /* Resources */,
			);
			buildRules = (
			);
			dependencies = (
				C21927271F76E7EA008F3FE5 /* PBXTargetDependency */,
			);
			name = MusicSearchTests;
			productName = MusicSearchTests;
			productReference = C21927251F76E7EA008F3FE5 /* MusicSearchTests.xctest */;
			productType = "com.apple.product-type.bundle.unit-test";
		};
/* End PBXNativeTarget section */

/* Begin PBXProject section */
		C21927071F76E7EA008F3FE5 /* Project object */ = {
			isa = PBXProject;
			attributes = {
				LastSwiftUpdateCheck = 0900;
				LastUpgradeCheck = 0900;
				ORGANIZATIONNAME = "Rey Isla";
				TargetAttributes = {
					C219270E1F76E7EA008F3FE5 = {
						CreatedOnToolsVersion = 9.0;
						ProvisioningStyle = Automatic;
					};
					C21927241F76E7EA008F3FE5 = {
						CreatedOnToolsVersion = 9.0;
						ProvisioningStyle = Automatic;
						TestTargetID = C219270E1F76E7EA008F3FE5;
					};
				};
			};
			buildConfigurationList = C219270A1F76E7EA008F3FE5 /* Build configuration list for PBXProject "MusicSearch" */;
			compatibilityVersion = "Xcode 8.0";
			developmentRegion = en;
			hasScannedForEncodings = 0;
			knownRegions = (
				en,
				Base,
			);
			mainGroup = C21927061F76E7EA008F3FE5;
			productRefGroup = C21927101F76E7EA008F3FE5 /* Products */;
			projectDirPath = "";
			projectRoot = "";
			targets = (
				C219270E1F76E7EA008F3FE5 /* MusicSearch */,
				C21927241F76E7EA008F3FE5 /* MusicSearchTests */,
			);
		};
/* End PBXProject section */

/* Begin PBXResourcesBuildPhase section */
		C219270D1F76E7EA008F3FE5 /* Resources */ = {
			isa = PBXResourcesBuildPhase;
			buildActionMask = 2147483647;
			files = (
				C219271F1F76E7EA008F3FE5 /* LaunchScreen.storyboard in Resources */,
				C219271C1F76E7EA008F3FE5 /* Assets.xcassets in Resources */,
				C219271A1F76E7EA008F3FE5 /* Main.storyboard in Resources */,
			);
			runOnlyForDeploymentPostprocessing = 0;
		};
		C21927231F76E7EA008F3FE5 /* Resources */ = {
			isa = PBXResourcesBuildPhase;
			buildActionMask = 2147483647;
			files = (
			);
			runOnlyForDeploymentPostprocessing = 0;
		};
/* End PBXResourcesBuildPhase section */

/* Begin PBXSourcesBuildPhase section */
		C219270B1F76E7EA008F3FE5 /* Sources */ = {
			isa = PBXSourcesBuildPhase;
			buildActionMask = 2147483647;
			files = (
				C21927171F76E7EA008F3FE5 /* DetailViewController.swift in Sources */,
				C21927151F76E7EA008F3FE5 /* MasterViewController.swift in Sources */,
				C21927131F76E7EA008F3FE5 /* AppDelegate.swift in Sources */,
			);
			runOnlyForDeploymentPostprocessing = 0;
		};
		C21927211F76E7EA008F3FE5 /* Sources */ = {
			isa = PBXSourcesBuildPhase;
			buildActionMask = 2147483647;
			files = (
				C219272A1F76E7EA008F3FE5 /* MusicSearchTests.swift in Sources */,
			);
			runOnlyForDeploymentPostprocessing = 0;
		};
/* End PBXSourcesBuildPhase section */

/* Begin PBXTargetDependency section */
		C21927271F76E7EA008F3FE5 /* PBXTargetDependency */ = {
			isa = PBXTargetDependency;
			target = C219270E1F76E7EA008F3FE5 /* MusicSearch */;
			targetProxy = C21927261F76E7EA008F3FE5 /* PBXContainerItemProxy */;
		};
/* End PBXTargetDependency section */

/* Begin PBXVariantGroup section */
		C21927181F76E7EA008F3FE5 /* Main.storyboard */ = {
			isa = PBXVariantGroup;
			children = (
				C21927191F76E7EA008F3FE5 /* Base */,
			);
			name = Main.storyboard;
			sourceTree = "<group>";
		};
		C219271D1F76E7EA008F3FE5 /* LaunchScreen.storyboard */ = {
			isa = PBXVariantGroup;
			children = (
				C219271E1F76E7EA008F3FE5 /* Base */,
			);
			name = LaunchScreen.storyboard;
			sourceTree = "<group>";
		};
/* End PBXVariantGroup section */

/* Begin XCBuildConfiguration section */
		C219272C1F76E7EA008F3FE5 /* Debug */ = {
			isa = XCBuildConfiguration;
			buildSettings = {
				ALWAYS_SEARCH_USER_PATHS = NO;
				CLANG_ANALYZER_NONNULL = YES;
				CLANG_ANALYZER_NUMBER_OBJECT_CONVERSION = YES_AGGRESSIVE;
				CLANG_CXX_LANGUAGE_STANDARD = "gnu++14";
				CLANG_CXX_LIBRARY = "libc++";
				CLANG_ENABLE_MODULES = YES;
				CLANG_ENABLE_OBJC_ARC = YES;
				CLANG_WARN_BLOCK_CAPTURE_AUTORELEASING = YES;
				CLANG_WARN_BOOL_CONVERSION = YES;
				CLANG_WARN_COMMA = YES;
				CLANG_WARN_CONSTANT_CONVERSION = YES;
				CLANG_WARN_DIRECT_OBJC_ISA_USAGE = YES_ERROR;
				CLANG_WARN_DOCUMENTATION_COMMENTS = YES;
				CLANG_WARN_EMPTY_BODY = YES;
				CLANG_WARN_ENUM_CONVERSION = YES;
				CLANG_WARN_INFINITE_RECURSION = YES;
				CLANG_WARN_INT_CONVERSION = YES;
				CLANG_WARN_NON_LITERAL_NULL_CONVERSION = YES;
				CLANG_WARN_OBJC_LITERAL_CONVERSION = YES;
				CLANG_WARN_OBJC_ROOT_CLASS = YES_ERROR;
				CLANG_WARN_RANGE_LOOP_ANALYSIS = YES;
				CLANG_WARN_STRICT_PROTOTYPES = YES;
				CLANG_WARN_SUSPICIOUS_MOVE = YES;
				CLANG_WARN_UNGUARDED_AVAILABILITY = YES_AGGRESSIVE;
				CLANG_WARN_UNREACHABLE_CODE = YES;
				CLANG_WARN__DUPLICATE_METHOD_MATCH = YES;
				CODE_SIGN_IDENTITY = "iPhone Developer";
				COPY_PHASE_STRIP = NO;
				DEBUG_INFORMATION_FORMAT = dwarf;
				ENABLE_STRICT_OBJC_MSGSEND = YES;
				ENABLE_TESTABILITY = YES;
				GCC_C_LANGUAGE_STANDARD = gnu11;
				GCC_DYNAMIC_NO_PIC = NO;
				GCC_NO_COMMON_BLOCKS = YES;
				GCC_OPTIMIZATION_LEVEL = 0;
				GCC_PREPROCESSOR_DEFINITIONS = (
					"DEBUG=1",
					"$(inherited)",
				);
				GCC_WARN_64_TO_32_BIT_CONVERSION = YES;
				GCC_WARN_ABOUT_RETURN_TYPE = YES_ERROR;
				GCC_WARN_UNDECLARED_SELECTOR = YES;
				GCC_WARN_UNINITIALIZED_AUTOS = YES_AGGRESSIVE;
				GCC_WARN_UNUSED_FUNCTION = YES;
				GCC_WARN_UNUSED_VARIABLE = YES;
				IPHONEOS_DEPLOYMENT_TARGET = 11.0;
				MTL_ENABLE_DEBUG_INFO = YES;
				ONLY_ACTIVE_ARCH = YES;
				SDKROOT = iphoneos;
				SWIFT_ACTIVE_COMPILATION_CONDITIONS = DEBUG;
				SWIFT_OPTIMIZATION_LEVEL = "-Onone";
			};
			name = Debug;
		};
		C219272D1F76E7EA008F3FE5 /* Release */ = {
			isa = XCBuildConfiguration;
			buildSettings = {
				ALWAYS_SEARCH_USER_PATHS = NO;
				CLANG_ANALYZER_NONNULL = YES;
				CLANG_ANALYZER_NUMBER_OBJECT_CONVERSION = YES_AGGRESSIVE;
				CLANG_CXX_LANGUAGE_STANDARD = "gnu++14";
				CLANG_CXX_LIBRARY = "libc++";
				CLANG_ENABLE_MODULES = YES;
				CLANG_ENABLE_OBJC_ARC = YES;
				CLANG_WARN_BLOCK_CAPTURE_AUTORELEASING = YES;
				CLANG_WARN_BOOL_CONVERSION = YES;
				CLANG_WARN_COMMA = YES;
				CLANG_WARN_CONSTANT_CONVERSION = YES;
				CLANG_WARN_DIRECT_OBJC_ISA_USAGE = YES_ERROR;
				CLANG_WARN_DOCUMENTATION_COMMENTS = YES;
				CLANG_WARN_EMPTY_BODY = YES;
				CLANG_WARN_ENUM_CONVERSION = YES;
				CLANG_WARN_INFINITE_RECURSION = YES;
				CLANG_WARN_INT_CONVERSION = YES;
				CLANG_WARN_NON_LITERAL_NULL_CONVERSION = YES;
				CLANG_WARN_OBJC_LITERAL_CONVERSION = YES;
				CLANG_WARN_OBJC_ROOT_CLASS = YES_ERROR;
				CLANG_WARN_RANGE_LOOP_ANALYSIS = YES;
				CLANG_WARN_STRICT_PROTOTYPES = YES;
				CLANG_WARN_SUSPICIOUS_MOVE = YES;
				CLANG_WARN_UNGUARDED_AVAILABILITY = YES_AGGRESSIVE;
				CLANG_WARN_UNREACHABLE_CODE = YES;
				CLANG_WARN__DUPLICATE_METHOD_MATCH = YES;
				CODE_SIGN_IDENTITY = "iPhone Developer";
				COPY_PHASE_STRIP = NO;
				DEBUG_INFORMATION_FORMAT = "dwarf-with-dsym";
				ENABLE_NS_ASSERTIONS = NO;
				ENABLE_STRICT_OBJC_MSGSEND = YES;
				GCC_C_LANGUAGE_STANDARD = gnu11;
				GCC_NO_COMMON_BLOCKS = YES;
				GCC_WARN_64_TO_32_BIT_CONVERSION = YES;
				GCC_WARN_ABOUT_RETURN_TYPE = YES_ERROR;
				GCC_WARN_UNDECLARED_SELECTOR = YES;
				GCC_WARN_UNINITIALIZED_AUTOS = YES_AGGRESSIVE;
				GCC_WARN_UNUSED_FUNCTION = YES;
				GCC_WARN_UNUSED_VARIABLE = YES;
				IPHONEOS_DEPLOYMENT_TARGET = 11.0;
				MTL_ENABLE_DEBUG_INFO = NO;
				SDKROOT = iphoneos;
				SWIFT_OPTIMIZATION_LEVEL = "-Owholemodule";
				VALIDATE_PRODUCT = YES;
			};
			name = Release;
		};
		C219272F1F76E7EA008F3FE5 /* Debug */ = {
			isa = XCBuildConfiguration;
			buildSettings = {
				ASSETCATALOG_COMPILER_APPICON_NAME = AppIcon;
				CODE_SIGN_STYLE = Automatic;
				INFOPLIST_FILE = MusicSearch/Info.plist;
				LD_RUNPATH_SEARCH_PATHS = "$(inherited) @executable_path/Frameworks";
				PRODUCT_BUNDLE_IDENTIFIER = com.reyisla.MusicSearch;
				PRODUCT_NAME = "$(TARGET_NAME)";
				SWIFT_VERSION = 4.0;
				TARGETED_DEVICE_FAMILY = "1,2";
			};
			name = Debug;
		};
		C21927301F76E7EA008F3FE5 /* Release */ = {
			isa = XCBuildConfiguration;
			buildSettings = {
				ASSETCATALOG_COMPILER_APPICON_NAME = AppIcon;
				CODE_SIGN_STYLE = Automatic;
				INFOPLIST_FILE = MusicSearch/Info.plist;
				LD_RUNPATH_SEARCH_PATHS = "$(inherited) @executable_path/Frameworks";
				PRODUCT_BUNDLE_IDENTIFIER = com.reyisla.MusicSearch;
				PRODUCT_NAME = "$(TARGET_NAME)";
				SWIFT_VERSION = 4.0;
				TARGETED_DEVICE_FAMILY = "1,2";
			};
			name = Release;
		};
		C21927321F76E7EA008F3FE5 /* Debug */ = {
			isa = XCBuildConfiguration;
			buildSettings = {
				ALWAYS_EMBED_SWIFT_STANDARD_LIBRARIES = YES;
				BUNDLE_LOADER = "$(TEST_HOST)";
				CODE_SIGN_STYLE = Automatic;
				INFOPLIST_FILE = MusicSearchTests/Info.plist;
				LD_RUNPATH_SEARCH_PATHS = "$(inherited) @executable_path/Frameworks @loader_path/Frameworks";
				PRODUCT_BUNDLE_IDENTIFIER = com.reyisla.MusicSearchTests;
				PRODUCT_NAME = "$(TARGET_NAME)";
				SWIFT_VERSION = 4.0;
				TARGETED_DEVICE_FAMILY = "1,2";
				TEST_HOST = "$(BUILT_PRODUCTS_DIR)/MusicSearch.app/MusicSearch";
			};
			name = Debug;
		};
		C21927331F76E7EA008F3FE5 /* Release */ = {
			isa = XCBuildConfiguration;
			buildSettings = {
				ALWAYS_EMBED_SWIFT_STANDARD_LIBRARIES = YES;
				BUNDLE_LOADER = "$(TEST_HOST)";
				CODE_SIGN_STYLE = Automatic;
				INFOPLIST_FILE = MusicSearchTests/Info.plist;
				LD_RUNPATH_SEARCH_PATHS = "$(inherited) @executable_path/Frameworks @loader_path/Frameworks";
				PRODUCT_BUNDLE_IDENTIFIER = com.reyisla.MusicSearchTests;
				PRODUCT_NAME = "$(TARGET_NAME)";
				SWIFT_VERSION = 4.0;
				TARGETED_DEVICE_FAMILY = "1,2";
				TEST_HOST = "$(BUILT_PRODUCTS_DIR)/MusicSearch.app/MusicSearch";
			};
			name = Release;
		};
/* End XCBuildConfiguration section */

/* Begin XCConfigurationList section */
		C219270A1F76E7EA008F3FE5 /* Build configuration list for PBXProject "MusicSearch" */ = {
			isa = XCConfigurationList;
			buildConfigurations = (
				C219272C1F76E7EA008F3FE5 /* Debug */,
				C219272D1F76E7EA008F3FE5 /* Release */,
			);
			defaultConfigurationIsVisible = 0;
			defaultConfigurationName = Release;
		};
		C219272E1F76E7EA008F3FE5 /* Build configuration list for PBXNativeTarget "MusicSearch" */ = {
			isa = XCConfigurationList;
			buildConfigurations = (
				C219272F1F76E7EA008F3FE5 /* Debug */,
				C21927301F76E7EA008F3FE5 /* Release */,
			);
			defaultConfigurationIsVisible = 0;
			defaultConfigurationName = Release;
		};
		C21927311F76E7EA008F3FE5 /* Build configuration list for PBXNativeTarget "MusicSearchTests" */ = {
			isa = XCConfigurationList;
			buildConfigurations = (
				C21927321F76E7EA008F3FE5 /* Debug */,
				C21927331F76E7EA008F3FE5 /* Release */,
			);
			defaultConfigurationIsVisible = 0;
			defaultConfigurationName = Release;
		};
/* End XCConfigurationList section */
	};
	rootObject = C21927071F76E7EA008F3FE5 /* Project object */;
}
