// !$*UTF8*$!
{
	archiveVersion = 1;
	classes = {
	};
	objectVersion = 48;
	objects = {

/* Begin PBXBuildFile section */
		C21927131F76E7EA008F3FE5 /* AppDelegate.swift in Sources */ = {isa = PBXBuildFile; fileRef = C21927121F76E7EA008F3FE5 /* AppDelegate.swift */; };
		C21927151F76E7EA008F3FE5 /* MusicSearchResultsViewController.swift in Sources */ = {isa = PBXBuildFile; fileRef = C21927141F76E7EA008F3FE5 /* MusicSearchResultsViewController.swift */; };
		C21927171F76E7EA008F3FE5 /* MusicSearchResultDetailViewController.swift in Sources */ = {isa = PBXBuildFile; fileRef = C21927161F76E7EA008F3FE5 /* MusicSearchResultDetailViewController.swift */; };
		C219271A1F76E7EA008F3FE5 /* Main.storyboard in Resources */ = {isa = PBXBuildFile; fileRef = C21927181F76E7EA008F3FE5 /* Main.storyboard */; };
		C219271C1F76E7EA008F3FE5 /* Assets.xcassets in Resources */ = {isa = PBXBuildFile; fileRef = C219271B1F76E7EA008F3FE5 /* Assets.xcassets */; };
		C219271F1F76E7EA008F3FE5 /* LaunchScreen.storyboard in Resources */ = {isa = PBXBuildFile; fileRef = C219271D1F76E7EA008F3FE5 /* LaunchScreen.storyboard */; };
		C219272A1F76E7EA008F3FE5 /* MusicSearchTests.swift in Sources */ = {isa = PBXBuildFile; fileRef = C21927291F76E7EA008F3FE5 /* MusicSearchTests.swift */; };
		C219273B1F76FC99008F3FE5 /* MusicSearchResultsTableViewCell.swift in Sources */ = {isa = PBXBuildFile; fileRef = C219273A1F76FC99008F3FE5 /* MusicSearchResultsTableViewCell.swift */; };
		C21ECFE41F784CB90067AD13 /* JSONSerialization.swift in Sources */ = {isa = PBXBuildFile; fileRef = C21ECFE31F784CB90067AD13 /* JSONSerialization.swift */; };
		C2C36C1F1F7828A000070967 /* MusicSearchResultsDataController.swift in Sources */ = {isa = PBXBuildFile; fileRef = C2C36C1E1F7828A000070967 /* MusicSearchResultsDataController.swift */; };
		C2E13F491F782BE700B95E3D /* Song.swift in Sources */ = {isa = PBXBuildFile; fileRef = C2E13F481F782BE700B95E3D /* Song.swift */; };
		C2E13F4B1F782C4900B95E3D /* Response.swift in Sources */ = {isa = PBXBuildFile; fileRef = C2E13F4A1F782C4900B95E3D /* Response.swift */; };
		C2E13F4D1F782D2500B95E3D /* Constants.swift in Sources */ = {isa = PBXBuildFile; fileRef = C2E13F4C1F782D2500B95E3D /* Constants.swift */; };
		C2E13F4F1F782DA400B95E3D /* MusicSearchService.swift in Sources */ = {isa = PBXBuildFile; fileRef = C2E13F4E1F782DA400B95E3D /* MusicSearchService.swift */; };
		C2E13F521F782E6600B95E3D /* URLRequest.swift in Sources */ = {isa = PBXBuildFile; fileRef = C2E13F511F782E6600B95E3D /* URLRequest.swift */; };
		C2E13F551F782EDA00B95E3D /* Request.swift in Sources */ = {isa = PBXBuildFile; fileRef = C2E13F541F782EDA00B95E3D /* Request.swift */; };
		C2E13F571F783C4C00B95E3D /* LyricsSearchService.swift in Sources */ = {isa = PBXBuildFile; fileRef = C2E13F561F783C4C00B95E3D /* LyricsSearchService.swift */; };
/* End PBXBuildFile section */

/* Begin PBXContainerItemProxy section */
		C21927261F76E7EA008F3FE5 /* PBXContainerItemProxy */ = {
			isa = PBXContainerItemProxy;
			containerPortal = C21927071F76E7EA008F3FE5 /* Project object */;
			proxyType = 1;
			remoteGlobalIDString = C219270E1F76E7EA008F3FE5;
			remoteInfo = MusicSearch;
		};
/* End PBXContainerItemProxy section */

/* Begin PBXFileReference section */
		C219270F1F76E7EA008F3FE5 /* MusicSearch.app */ = {isa = PBXFileReference; explicitFileType = wrapper.application; includeInIndex = 0; path = MusicSearch.app; sourceTree = BUILT_PRODUCTS_DIR; };
		C21927121F76E7EA008F3FE5 /* AppDelegate.swift */ = {isa = PBXFileReference; lastKnownFileType = sourcecode.swift; path = AppDelegate.swift; sourceTree = "<group>"; };
		C21927141F76E7EA008F3FE5 /* MusicSearchResultsViewController.swift */ = {isa = PBXFileReference; lastKnownFileType = sourcecode.swift; path = MusicSearchResultsViewController.swift; sourceTree = "<group>"; };
		C21927161F76E7EA008F3FE5 /* MusicSearchResultDetailViewController.swift */ = {isa = PBXFileReference; lastKnownFileType = sourcecode.swift; path = MusicSearchResultDetailViewController.swift; sourceTree = "<group>"; };
		C21927191F76E7EA008F3FE5 /* Base */ = {isa = PBXFileReference; lastKnownFileType = file.storyboard; name = Base; path = Base.lproj/Main.storyboard; sourceTree = "<group>"; };
		C219271B1F76E7EA008F3FE5 /* Assets.xcassets */ = {isa = PBXFileReference; lastKnownFileType = folder.assetcatalog; path = Assets.xcassets; sourceTree = "<group>"; };
		C219271E1F76E7EA008F3FE5 /* Base */ = {isa = PBXFileReference; lastKnownFileType = file.storyboard; name = Base; path = Base.lproj/LaunchScreen.storyboard; sourceTree = "<group>"; };
		C21927201F76E7EA008F3FE5 /* Info.plist */ = {isa = PBXFileReference; lastKnownFileType = text.plist.xml; path = Info.plist; sourceTree = "<group>"; };
		C21927251F76E7EA008F3FE5 /* MusicSearchTests.xctest */ = {isa = PBXFileReference; explicitFileType = wrapper.cfbundle; includeInIndex = 0; path = MusicSearchTests.xctest; sourceTree = BUILT_PRODUCTS_DIR; };
		C21927291F76E7EA008F3FE5 /* MusicSearchTests.swift */ = {isa = PBXFileReference; lastKnownFileType = sourcecode.swift; path = MusicSearchTests.swift; sourceTree = "<group>"; };
		C219272B1F76E7EA008F3FE5 /* Info.plist */ = {isa = PBXFileReference; lastKnownFileType = text.plist.xml; path = Info.plist; sourceTree = "<group>"; };
		C219273A1F76FC99008F3FE5 /* MusicSearchResultsTableViewCell.swift */ = {isa = PBXFileReference; lastKnownFileType = sourcecode.swift; path = MusicSearchResultsTableViewCell.swift; sourceTree = "<group>"; };
		C21ECFE31F784CB90067AD13 /* JSONSerialization.swift */ = {isa = PBXFileReference; lastKnownFileType = sourcecode.swift; path = JSONSerialization.swift; sourceTree = "<group>"; };
		C2C36C1E1F7828A000070967 /* MusicSearchResultsDataController.swift */ = {isa = PBXFileReference; lastKnownFileType = sourcecode.swift; path = MusicSearchResultsDataController.swift; sourceTree = "<group>"; };
		C2E13F481F782BE700B95E3D /* Song.swift */ = {isa = PBXFileReference; lastKnownFileType = sourcecode.swift; path = Song.swift; sourceTree = "<group>"; };
		C2E13F4A1F782C4900B95E3D /* Response.swift */ = {isa = PBXFileReference; lastKnownFileType = sourcecode.swift; path = Response.swift; sourceTree = "<group>"; };
		C2E13F4C1F782D2500B95E3D /* Constants.swift */ = {isa = PBXFileReference; lastKnownFileType = sourcecode.swift; path = Constants.swift; sourceTree = "<group>"; };
		C2E13F4E1F782DA400B95E3D /* MusicSearchService.swift */ = {isa = PBXFileReference; lastKnownFileType = sourcecode.swift; path = MusicSearchService.swift; sourceTree = "<group>"; };
		C2E13F511F782E6600B95E3D /* URLRequest.swift */ = {isa = PBXFileReference; lastKnownFileType = sourcecode.swift; path = URLRequest.swift; sourceTree = "<group>"; };
		C2E13F541F782EDA00B95E3D /* Request.swift */ = {isa = PBXFileReference; lastKnownFileType = sourcecode.swift; path = Request.swift; sourceTree = "<group>"; };
		C2E13F561F783C4C00B95E3D /* LyricsSearchService.swift */ = {isa = PBXFileReference; lastKnownFileType = sourcecode.swift; path = LyricsSearchService.swift; sourceTree = "<group>"; };
/* End PBXFileReference section */

/* Begin PBXFrameworksBuildPhase section */
		C219270C1F76E7EA008F3FE5 /* Frameworks */ = {
			isa = PBXFrameworksBuildPhase;
			buildActionMask = 2147483647;
			files = (
			);
			runOnlyForDeploymentPostprocessing = 0;
		};
		C21927221F76E7EA008F3FE5 /* Frameworks */ = {
			isa = PBXFrameworksBuildPhase;
			buildActionMask = 2147483647;
			files = (
			);
			runOnlyForDeploymentPostprocessing = 0;
		};
/* End PBXFrameworksBuildPhase section */

/* Begin PBXGroup section */
		C21927061F76E7EA008F3FE5 = {
			isa = PBXGroup;
			children = (
				C21927111F76E7EA008F3FE5 /* MusicSearch */,
				C21927281F76E7EA008F3FE5 /* MusicSearchTests */,
				C21927101F76E7EA008F3FE5 /* Products */,
			);
			sourceTree = "<group>";
		};
		C21927101F76E7EA008F3FE5 /* Products */ = {
			isa = PBXGroup;
			children = (
				C219270F1F76E7EA008F3FE5 /* MusicSearch.app */,
				C21927251F76E7EA008F3FE5 /* MusicSearchTests.xctest */,
			);
			name = Products;
			sourceTree = "<group>";
		};
		C21927111F76E7EA008F3FE5 /* MusicSearch */ = {
			isa = PBXGroup;
			children = (
				C21927121F76E7EA008F3FE5 /* AppDelegate.swift */,
				C21927341F76E803008F3FE5 /* Controllers */,
				C21927371F76FB6A008F3FE5 /* Views */,
				C2C36C241F782AD100070967 /* Models */,
				C2C36C251F782AD700070967 /* Services */,
				C2C36C201F7828B000070967 /* Constants */,
				C2E13F501F782E1300B95E3D /* Convenience Extensions */,
				C2C36C211F7828C500070967 /* Assets */,
				C2C36C231F7828E800070967 /* Supporting Files */,
				C21927181F76E7EA008F3FE5 /* Main.storyboard */,
				C219271D1F76E7EA008F3FE5 /* LaunchScreen.storyboard */,
			);
			path = MusicSearch;
			sourceTree = "<group>";
		};
		C21927281F76E7EA008F3FE5 /* MusicSearchTests */ = {
			isa = PBXGroup;
			children = (
				C21927291F76E7EA008F3FE5 /* MusicSearchTests.swift */,
				C219272B1F76E7EA008F3FE5 /* Info.plist */,
			);
			path = MusicSearchTests;
			sourceTree = "<group>";
		};
		C21927341F76E803008F3FE5 /* Controllers */ = {
			isa = PBXGroup;
			children = (
				C21927351F76E817008F3FE5 /* MusicSearchResults */,
				C21927361F76E82C008F3FE5 /* MusicSearchResultDetail */,
			);
			path = Controllers;
			sourceTree = "<group>";
		};
		C21927351F76E817008F3FE5 /* MusicSearchResults */ = {
			isa = PBXGroup;
			children = (
				C21927141F76E7EA008F3FE5 /* MusicSearchResultsViewController.swift */,
				C2C36C1E1F7828A000070967 /* MusicSearchResultsDataController.swift */,
			);
			path = MusicSearchResults;
			sourceTree = "<group>";
		};
		C21927361F76E82C008F3FE5 /* MusicSearchResultDetail */ = {
			isa = PBXGroup;
			children = (
				C21927161F76E7EA008F3FE5 /* MusicSearchResultDetailViewController.swift */,
			);
			path = MusicSearchResultDetail;
			sourceTree = "<group>";
		};
		C21927371F76FB6A008F3FE5 /* Views */ = {
			isa = PBXGroup;
			children = (
				C21927391F76FC69008F3FE5 /* MusicSearchResults */,
			);
			path = Views;
			sourceTree = "<group>";
		};
		C21927391F76FC69008F3FE5 /* MusicSearchResults */ = {
			isa = PBXGroup;
			children = (
				C219273A1F76FC99008F3FE5 /* MusicSearchResultsTableViewCell.swift */,
			);
			path = MusicSearchResults;
			sourceTree = "<group>";
		};
		C2C36C201F7828B000070967 /* Constants */ = {
			isa = PBXGroup;
			children = (
				C2E13F4C1F782D2500B95E3D /* Constants.swift */,
			);
			path = Constants;
			sourceTree = "<group>";
		};
		C2C36C211F7828C500070967 /* Assets */ = {
			isa = PBXGroup;
			children = (
				C219271B1F76E7EA008F3FE5 /* Assets.xcassets */,
			);
			path = Assets;
			sourceTree = "<group>";
		};
		C2C36C231F7828E800070967 /* Supporting Files */ = {
			isa = PBXGroup;
			children = (
				C21927201F76E7EA008F3FE5 /* Info.plist */,
			);
			path = "Supporting Files";
			sourceTree = "<group>";
		};
		C2C36C241F782AD100070967 /* Models */ = {
			isa = PBXGroup;
			children = (
				C2E13F481F782BE700B95E3D /* Song.swift */,
			);
			path = Models;
			sourceTree = "<group>";
		};
		C2C36C251F782AD700070967 /* Services */ = {
			isa = PBXGroup;
			children = (
				C2E13F531F782ECB00B95E3D /* Request */,
				C2C36C261F782AEF00070967 /* Response */,
				C2E13F4E1F782DA400B95E3D /* MusicSearchService.swift */,
				C2E13F561F783C4C00B95E3D /* LyricsSearchService.swift */,
			);
			path = Services;
			sourceTree = "<group>";
		};
		C2C36C261F782AEF00070967 /* Response */ = {
			isa = PBXGroup;
			children = (
				C2E13F4A1F782C4900B95E3D /* Response.swift */,
			);
			path = Response;
			sourceTree = "<group>";
		};
		C2E13F501F782E1300B95E3D /* Convenience Extensions */ = {
			isa = PBXGroup;
			children = (
				C2E13F511F782E6600B95E3D /* URLRequest.swift */,
				C21ECFE31F784CB90067AD13 /* JSONSerialization.swift */,
			);
			path = "Convenience Extensions";
			sourceTree = "<group>";
		};
		C2E13F531F782ECB00B95E3D /* Request */ = {
			isa = PBXGroup;
			children = (
				C2E13F541F782EDA00B95E3D /* Request.swift */,
			);
			path = Request;
			sourceTree = "<group>";
		};
/* End PBXGroup section */

/* Begin PBXNativeTarget section */
		C219270E1F76E7EA008F3FE5 /* MusicSearch */ = {
			isa = PBXNativeTarget;
			buildConfigurationList = C219272E1F76E7EA008F3FE5 /* Build configuration list for PBXNativeTarget "MusicSearch" */;
			buildPhases = (
				C219270B1F76E7EA008F3FE5 /* Sources */,
				C219270C1F76E7EA008F3FE5 /* Frameworks */,
				C219270D1F76E7EA008F3FE5 /* Resources */,
			);
			buildRules = (
			);
			dependencies = (
			);
			name = MusicSearch;
			productName = MusicSearch;
			productReference = C219270F1F76E7EA008F3FE5 /* MusicSearch.app */;
			productType = "com.apple.product-type.application";
		};
		C21927241F76E7EA008F3FE5 /* MusicSearchTests */ = {
			isa = PBXNativeTarget;
			buildConfigurationList = C21927311F76E7EA008F3FE5 /* Build configuration list for PBXNativeTarget "MusicSearchTests" */;
			buildPhases = (
				C21927211F76E7EA008F3FE5 /* Sources */,
				C21927221F76E7EA008F3FE5 /* Frameworks */,
				C21927231F76E7EA008F3FE5 /* Resources */,
			);
			buildRules = (
			);
			dependencies = (
				C21927271F76E7EA008F3FE5 /* PBXTargetDependency */,
			);
			name = MusicSearchTests;
			productName = MusicSearchTests;
			productReference = C21927251F76E7EA008F3FE5 /* MusicSearchTests.xctest */;
			productType = "com.apple.product-type.bundle.unit-test";
		};
/* End PBXNativeTarget section */

/* Begin PBXProject section */
		C21927071F76E7EA008F3FE5 /* Project object */ = {
			isa = PBXProject;
			attributes = {
				LastSwiftUpdateCheck = 0900;
				LastUpgradeCheck = 0900;
				ORGANIZATIONNAME = "Rey Isla";
				TargetAttributes = {
					C219270E1F76E7EA008F3FE5 = {
						CreatedOnToolsVersion = 9.0;
						ProvisioningStyle = Automatic;
					};
					C21927241F76E7EA008F3FE5 = {
						CreatedOnToolsVersion = 9.0;
						ProvisioningStyle = Automatic;
						TestTargetID = C219270E1F76E7EA008F3FE5;
					};
				};
			};
			buildConfigurationList = C219270A1F76E7EA008F3FE5 /* Build configuration list for PBXProject "MusicSearch" */;
			compatibilityVersion = "Xcode 8.0";
			developmentRegion = en;
			hasScannedForEncodings = 0;
			knownRegions = (
				en,
				Base,
			);
			mainGroup = C21927061F76E7EA008F3FE5;
			productRefGroup = C21927101F76E7EA008F3FE5 /* Products */;
			projectDirPath = "";
			projectRoot = "";
			targets = (
				C219270E1F76E7EA008F3FE5 /* MusicSearch */,
				C21927241F76E7EA008F3FE5 /* MusicSearchTests */,
			);
		};
/* End PBXProject section */

/* Begin PBXResourcesBuildPhase section */
		C219270D1F76E7EA008F3FE5 /* Resources */ = {
			isa = PBXResourcesBuildPhase;
			buildActionMask = 2147483647;
			files = (
				C219271F1F76E7EA008F3FE5 /* LaunchScreen.storyboard in Resources */,
				C219271C1F76E7EA008F3FE5 /* Assets.xcassets in Resources */,
				C219271A1F76E7EA008F3FE5 /* Main.storyboard in Resources */,
			);
			runOnlyForDeploymentPostprocessing = 0;
		};
		C21927231F76E7EA008F3FE5 /* Resources */ = {
			isa = PBXResourcesBuildPhase;
			buildActionMask = 2147483647;
			files = (
			);
			runOnlyForDeploymentPostprocessing = 0;
		};
/* End PBXResourcesBuildPhase section */

/* Begin PBXSourcesBuildPhase section */
		C219270B1F76E7EA008F3FE5 /* Sources */ = {
			isa = PBXSourcesBuildPhase;
			buildActionMask = 2147483647;
			files = (
				C2E13F491F782BE700B95E3D /* Song.swift in Sources */,
				C219273B1F76FC99008F3FE5 /* MusicSearchResultsTableViewCell.swift in Sources */,
				C2E13F4F1F782DA400B95E3D /* MusicSearchService.swift in Sources */,
				C21927171F76E7EA008F3FE5 /* MusicSearchResultDetailViewController.swift in Sources */,
				C2E13F551F782EDA00B95E3D /* Request.swift in Sources */,
				C2E13F571F783C4C00B95E3D /* LyricsSearchService.swift in Sources */,
				C21927151F76E7EA008F3FE5 /* MusicSearchResultsViewController.swift in Sources */,
				C2C36C1F1F7828A000070967 /* MusicSearchResultsDataController.swift in Sources */,
				C21927131F76E7EA008F3FE5 /* AppDelegate.swift in Sources */,
				C2E13F4B1F782C4900B95E3D /* Response.swift in Sources */,
				C21ECFE41F784CB90067AD13 /* JSONSerialization.swift in Sources */,
				C2E13F4D1F782D2500B95E3D /* Constants.swift in Sources */,
				C2E13F521F782E6600B95E3D /* URLRequest.swift in Sources */,
			);
			runOnlyForDeploymentPostprocessing = 0;
		};
		C21927211F76E7EA008F3FE5 /* Sources */ = {
			isa = PBXSourcesBuildPhase;
			buildActionMask = 2147483647;
			files = (
				C219272A1F76E7EA008F3FE5 /* MusicSearchTests.swift in Sources */,
			);
			runOnlyForDeploymentPostprocessing = 0;
		};
/* End PBXSourcesBuildPhase section */

/* Begin PBXTargetDependency section */
		C21927271F76E7EA008F3FE5 /* PBXTargetDependency */ = {
			isa = PBXTargetDependency;
			target = C219270E1F76E7EA008F3FE5 /* MusicSearch */;
			targetProxy = C21927261F76E7EA008F3FE5 /* PBXContainerItemProxy */;
		};
/* End PBXTargetDependency section */

/* Begin PBXVariantGroup section */
		C21927181F76E7EA008F3FE5 /* Main.storyboard */ = {
			isa = PBXVariantGroup;
			children = (
				C21927191F76E7EA008F3FE5 /* Base */,
			);
			name = Main.storyboard;
			sourceTree = "<group>";
		};
		C219271D1F76E7EA008F3FE5 /* LaunchScreen.storyboard */ = {
			isa = PBXVariantGroup;
			children = (
				C219271E1F76E7EA008F3FE5 /* Base */,
			);
			name = LaunchScreen.storyboard;
			sourceTree = "<group>";
		};
/* End PBXVariantGroup section */

/* Begin XCBuildConfiguration section */
		C219272C1F76E7EA008F3FE5 /* Debug */ = {
			isa = XCBuildConfiguration;
			buildSettings = {
				ALWAYS_SEARCH_USER_PATHS = NO;
				CLANG_ANALYZER_NONNULL = YES;
				CLANG_ANALYZER_NUMBER_OBJECT_CONVERSION = YES_AGGRESSIVE;
				CLANG_CXX_LANGUAGE_STANDARD = "gnu++14";
				CLANG_CXX_LIBRARY = "libc++";
				CLANG_ENABLE_MODULES = YES;
				CLANG_ENABLE_OBJC_ARC = YES;
				CLANG_WARN_BLOCK_CAPTURE_AUTORELEASING = YES;
				CLANG_WARN_BOOL_CONVERSION = YES;
				CLANG_WARN_COMMA = YES;
				CLANG_WARN_CONSTANT_CONVERSION = YES;
				CLANG_WARN_DIRECT_OBJC_ISA_USAGE = YES_ERROR;
				CLANG_WARN_DOCUMENTATION_COMMENTS = YES;
				CLANG_WARN_EMPTY_BODY = YES;
				CLANG_WARN_ENUM_CONVERSION = YES;
				CLANG_WARN_INFINITE_RECURSION = YES;
				CLANG_WARN_INT_CONVERSION = YES;
				CLANG_WARN_NON_LITERAL_NULL_CONVERSION = YES;
				CLANG_WARN_OBJC_LITERAL_CONVERSION = YES;
				CLANG_WARN_OBJC_ROOT_CLASS = YES_ERROR;
				CLANG_WARN_RANGE_LOOP_ANALYSIS = YES;
				CLANG_WARN_STRICT_PROTOTYPES = YES;
				CLANG_WARN_SUSPICIOUS_MOVE = YES;
				CLANG_WARN_UNGUARDED_AVAILABILITY = YES_AGGRESSIVE;
				CLANG_WARN_UNREACHABLE_CODE = YES;
				CLANG_WARN__DUPLICATE_METHOD_MATCH = YES;
				CODE_SIGN_IDENTITY = "iPhone Developer";
				COPY_PHASE_STRIP = NO;
				DEBUG_INFORMATION_FORMAT = dwarf;
				ENABLE_STRICT_OBJC_MSGSEND = YES;
				ENABLE_TESTABILITY = YES;
				GCC_C_LANGUAGE_STANDARD = gnu11;
				GCC_DYNAMIC_NO_PIC = NO;
				GCC_NO_COMMON_BLOCKS = YES;
				GCC_OPTIMIZATION_LEVEL = 0;
				GCC_PREPROCESSOR_DEFINITIONS = (
					"DEBUG=1",
					"$(inherited)",
				);
				GCC_WARN_64_TO_32_BIT_CONVERSION = YES;
				GCC_WARN_ABOUT_RETURN_TYPE = YES_ERROR;
				GCC_WARN_UNDECLARED_SELECTOR = YES;
				GCC_WARN_UNINITIALIZED_AUTOS = YES_AGGRESSIVE;
				GCC_WARN_UNUSED_FUNCTION = YES;
				GCC_WARN_UNUSED_VARIABLE = YES;
				IPHONEOS_DEPLOYMENT_TARGET = 11.0;
				MTL_ENABLE_DEBUG_INFO = YES;
				ONLY_ACTIVE_ARCH = YES;
				SDKROOT = iphoneos;
				SWIFT_ACTIVE_COMPILATION_CONDITIONS = DEBUG;
				SWIFT_OPTIMIZATION_LEVEL = "-Onone";
			};
			name = Debug;
		};
		C219272D1F76E7EA008F3FE5 /* Release */ = {
			isa = XCBuildConfiguration;
			buildSettings = {
				ALWAYS_SEARCH_USER_PATHS = NO;
				CLANG_ANALYZER_NONNULL = YES;
				CLANG_ANALYZER_NUMBER_OBJECT_CONVERSION = YES_AGGRESSIVE;
				CLANG_CXX_LANGUAGE_STANDARD = "gnu++14";
				CLANG_CXX_LIBRARY = "libc++";
				CLANG_ENABLE_MODULES = YES;
				CLANG_ENABLE_OBJC_ARC = YES;
				CLANG_WARN_BLOCK_CAPTURE_AUTORELEASING = YES;
				CLANG_WARN_BOOL_CONVERSION = YES;
				CLANG_WARN_COMMA = YES;
				CLANG_WARN_CONSTANT_CONVERSION = YES;
				CLANG_WARN_DIRECT_OBJC_ISA_USAGE = YES_ERROR;
				CLANG_WARN_DOCUMENTATION_COMMENTS = YES;
				CLANG_WARN_EMPTY_BODY = YES;
				CLANG_WARN_ENUM_CONVERSION = YES;
				CLANG_WARN_INFINITE_RECURSION = YES;
				CLANG_WARN_INT_CONVERSION = YES;
				CLANG_WARN_NON_LITERAL_NULL_CONVERSION = YES;
				CLANG_WARN_OBJC_LITERAL_CONVERSION = YES;
				CLANG_WARN_OBJC_ROOT_CLASS = YES_ERROR;
				CLANG_WARN_RANGE_LOOP_ANALYSIS = YES;
				CLANG_WARN_STRICT_PROTOTYPES = YES;
				CLANG_WARN_SUSPICIOUS_MOVE = YES;
				CLANG_WARN_UNGUARDED_AVAILABILITY = YES_AGGRESSIVE;
				CLANG_WARN_UNREACHABLE_CODE = YES;
				CLANG_WARN__DUPLICATE_METHOD_MATCH = YES;
				CODE_SIGN_IDENTITY = "iPhone Developer";
				COPY_PHASE_STRIP = NO;
				DEBUG_INFORMATION_FORMAT = "dwarf-with-dsym";
				ENABLE_NS_ASSERTIONS = NO;
				ENABLE_STRICT_OBJC_MSGSEND = YES;
				GCC_C_LANGUAGE_STANDARD = gnu11;
				GCC_NO_COMMON_BLOCKS = YES;
				GCC_WARN_64_TO_32_BIT_CONVERSION = YES;
				GCC_WARN_ABOUT_RETURN_TYPE = YES_ERROR;
				GCC_WARN_UNDECLARED_SELECTOR = YES;
				GCC_WARN_UNINITIALIZED_AUTOS = YES_AGGRESSIVE;
				GCC_WARN_UNUSED_FUNCTION = YES;
				GCC_WARN_UNUSED_VARIABLE = YES;
				IPHONEOS_DEPLOYMENT_TARGET = 11.0;
				MTL_ENABLE_DEBUG_INFO = NO;
				SDKROOT = iphoneos;
				SWIFT_OPTIMIZATION_LEVEL = "-Owholemodule";
				VALIDATE_PRODUCT = YES;
			};
			name = Release;
		};
		C219272F1F76E7EA008F3FE5 /* Debug */ = {
			isa = XCBuildConfiguration;
			buildSettings = {
				ASSETCATALOG_COMPILER_APPICON_NAME = AppIcon;
				CODE_SIGN_STYLE = Automatic;
				DEVELOPMENT_TEAM = Q26HQ4JS88;
				INFOPLIST_FILE = "$(SRCROOT)/MusicSearch/Supporting Files/Info.plist";
				IPHONEOS_DEPLOYMENT_TARGET = 10.0;
				LD_RUNPATH_SEARCH_PATHS = "$(inherited) @executable_path/Frameworks";
				PRODUCT_BUNDLE_IDENTIFIER = com.reyisla.MusicSearch;
				PRODUCT_NAME = "$(TARGET_NAME)";
				SWIFT_VERSION = 4.0;
				TARGETED_DEVICE_FAMILY = "1,2";
			};
			name = Debug;
		};
		C21927301F76E7EA008F3FE5 /* Release */ = {
			isa = XCBuildConfiguration;
			buildSettings = {
				ASSETCATALOG_COMPILER_APPICON_NAME = AppIcon;
				CODE_SIGN_STYLE = Automatic;
				DEVELOPMENT_TEAM = Q26HQ4JS88;
				INFOPLIST_FILE = "$(SRCROOT)/MusicSearch/Supporting Files/Info.plist";
				IPHONEOS_DEPLOYMENT_TARGET = 10.0;
				LD_RUNPATH_SEARCH_PATHS = "$(inherited) @executable_path/Frameworks";
				PRODUCT_BUNDLE_IDENTIFIER = com.reyisla.MusicSearch;
				PRODUCT_NAME = "$(TARGET_NAME)";
				SWIFT_VERSION = 4.0;
				TARGETED_DEVICE_FAMILY = "1,2";
			};
			name = Release;
		};
		C21927321F76E7EA008F3FE5 /* Debug */ = {
			isa = XCBuildConfiguration;
			buildSettings = {
				ALWAYS_EMBED_SWIFT_STANDARD_LIBRARIES = YES;
				BUNDLE_LOADER = "$(TEST_HOST)";
				CODE_SIGN_STYLE = Automatic;
				INFOPLIST_FILE = MusicSearchTests/Info.plist;
				LD_RUNPATH_SEARCH_PATHS = "$(inherited) @executable_path/Frameworks @loader_path/Frameworks";
				PRODUCT_BUNDLE_IDENTIFIER = com.reyisla.MusicSearchTests;
				PRODUCT_NAME = "$(TARGET_NAME)";
				SWIFT_VERSION = 4.0;
				TARGETED_DEVICE_FAMILY = "1,2";
				TEST_HOST = "$(BUILT_PRODUCTS_DIR)/MusicSearch.app/MusicSearch";
			};
			name = Debug;
		};
		C21927331F76E7EA008F3FE5 /* Release */ = {
			isa = XCBuildConfiguration;
			buildSettings = {
				ALWAYS_EMBED_SWIFT_STANDARD_LIBRARIES = YES;
				BUNDLE_LOADER = "$(TEST_HOST)";
				CODE_SIGN_STYLE = Automatic;
				INFOPLIST_FILE = MusicSearchTests/Info.plist;
				LD_RUNPATH_SEARCH_PATHS = "$(inherited) @executable_path/Frameworks @loader_path/Frameworks";
				PRODUCT_BUNDLE_IDENTIFIER = com.reyisla.MusicSearchTests;
				PRODUCT_NAME = "$(TARGET_NAME)";
				SWIFT_VERSION = 4.0;
				TARGETED_DEVICE_FAMILY = "1,2";
				TEST_HOST = "$(BUILT_PRODUCTS_DIR)/MusicSearch.app/MusicSearch";
			};
			name = Release;
		};
/* End XCBuildConfiguration section */

/* Begin XCConfigurationList section */
		C219270A1F76E7EA008F3FE5 /* Build configuration list for PBXProject "MusicSearch" */ = {
			isa = XCConfigurationList;
			buildConfigurations = (
				C219272C1F76E7EA008F3FE5 /* Debug */,
				C219272D1F76E7EA008F3FE5 /* Release */,
			);
			defaultConfigurationIsVisible = 0;
			defaultConfigurationName = Release;
		};
		C219272E1F76E7EA008F3FE5 /* Build configuration list for PBXNativeTarget "MusicSearch" */ = {
			isa = XCConfigurationList;
			buildConfigurations = (
				C219272F1F76E7EA008F3FE5 /* Debug */,
				C21927301F76E7EA008F3FE5 /* Release */,
			);
			defaultConfigurationIsVisible = 0;
			defaultConfigurationName = Release;
		};
		C21927311F76E7EA008F3FE5 /* Build configuration list for PBXNativeTarget "MusicSearchTests" */ = {
			isa = XCConfigurationList;
			buildConfigurations = (
				C21927321F76E7EA008F3FE5 /* Debug */,
				C21927331F76E7EA008F3FE5 /* Release */,
			);
			defaultConfigurationIsVisible = 0;
			defaultConfigurationName = Release;
		};
/* End XCConfigurationList section */
	};
	rootObject = C21927071F76E7EA008F3FE5 /* Project object */;
}
